// !$*UTF8*$!
{
	archiveVersion = 1;
	classes = {
	};
	objectVersion = 50;
	objects = {

/* Begin PBXBuildFile section */
		55D060272175935C0046A000 /* AppDelegate.swift in Sources */ = {isa = PBXBuildFile; fileRef = 55D060262175935C0046A000 /* AppDelegate.swift */; };
		55D060292175935C0046A000 /* HomeViewController.swift in Sources */ = {isa = PBXBuildFile; fileRef = 55D060282175935C0046A000 /* HomeViewController.swift */; };
		55D0602C2175935C0046A000 /* Main.storyboard in Resources */ = {isa = PBXBuildFile; fileRef = 55D0602A2175935C0046A000 /* Main.storyboard */; };
		55D0602E2175935E0046A000 /* Assets.xcassets in Resources */ = {isa = PBXBuildFile; fileRef = 55D0602D2175935E0046A000 /* Assets.xcassets */; };
		55D060312175935E0046A000 /* LaunchScreen.storyboard in Resources */ = {isa = PBXBuildFile; fileRef = 55D0602F2175935E0046A000 /* LaunchScreen.storyboard */; };
		55D060542176CAB40046A000 /* Changeset.framework in Frameworks */ = {isa = PBXBuildFile; fileRef = 55D060532176CAB40046A000 /* Changeset.framework */; };
		9E9010962175E16600BE9AD3 /* Track.swift in Sources */ = {isa = PBXBuildFile; fileRef = 9E9010952175E16600BE9AD3 /* Track.swift */; };
		9E9010982175E1A000BE9AD3 /* HomeViewModel.swift in Sources */ = {isa = PBXBuildFile; fileRef = 9E9010972175E1A000BE9AD3 /* HomeViewModel.swift */; };
		9E90109C2175F28B00BE9AD3 /* TrackCell.swift in Sources */ = {isa = PBXBuildFile; fileRef = 9E90109B2175F28B00BE9AD3 /* TrackCell.swift */; };
/* End PBXBuildFile section */

/* Begin PBXFileReference section */
		55D060232175935C0046A000 /* ReactiveOnlineSearching.app */ = {isa = PBXFileReference; explicitFileType = wrapper.application; includeInIndex = 0; path = ReactiveOnlineSearching.app; sourceTree = BUILT_PRODUCTS_DIR; };
		55D060262175935C0046A000 /* AppDelegate.swift */ = {isa = PBXFileReference; lastKnownFileType = sourcecode.swift; path = AppDelegate.swift; sourceTree = "<group>"; };
		55D060282175935C0046A000 /* HomeViewController.swift */ = {isa = PBXFileReference; lastKnownFileType = sourcecode.swift; path = HomeViewController.swift; sourceTree = "<group>"; };
		55D0602B2175935C0046A000 /* Base */ = {isa = PBXFileReference; lastKnownFileType = file.storyboard; name = Base; path = Base.lproj/Main.storyboard; sourceTree = "<group>"; };
		55D0602D2175935E0046A000 /* Assets.xcassets */ = {isa = PBXFileReference; lastKnownFileType = folder.assetcatalog; path = Assets.xcassets; sourceTree = "<group>"; };
		55D060302175935E0046A000 /* Base */ = {isa = PBXFileReference; lastKnownFileType = file.storyboard; name = Base; path = Base.lproj/LaunchScreen.storyboard; sourceTree = "<group>"; };
		55D060322175935E0046A000 /* Info.plist */ = {isa = PBXFileReference; lastKnownFileType = text.plist.xml; path = Info.plist; sourceTree = "<group>"; };
		55D06039217595A40046A000 /* Result.framework */ = {isa = PBXFileReference; lastKnownFileType = wrapper.framework; name = Result.framework; path = Carthage/Build/iOS/Result.framework; sourceTree = "<group>"; };
		55D0603A217595A40046A000 /* ReactiveSwift.framework */ = {isa = PBXFileReference; lastKnownFileType = wrapper.framework; name = ReactiveSwift.framework; path = Carthage/Build/iOS/ReactiveSwift.framework; sourceTree = "<group>"; };
		55D0604221759D840046A000 /* ReactiveCocoa.framework */ = {isa = PBXFileReference; lastKnownFileType = wrapper.framework; name = ReactiveCocoa.framework; path = Carthage/Build/iOS/ReactiveCocoa.framework; sourceTree = "<group>"; };
		55D0604321759D840046A000 /* ReactiveMapKit.framework */ = {isa = PBXFileReference; lastKnownFileType = wrapper.framework; name = ReactiveMapKit.framework; path = Carthage/Build/iOS/ReactiveMapKit.framework; sourceTree = "<group>"; };
		55D060532176CAB40046A000 /* Changeset.framework */ = {isa = PBXFileReference; lastKnownFileType = wrapper.framework; name = Changeset.framework; path = Carthage/Build/iOS/Changeset.framework; sourceTree = "<group>"; };
		9E9010952175E16600BE9AD3 /* Track.swift */ = {isa = PBXFileReference; lastKnownFileType = sourcecode.swift; path = Track.swift; sourceTree = "<group>"; };
		9E9010972175E1A000BE9AD3 /* HomeViewModel.swift */ = {isa = PBXFileReference; lastKnownFileType = sourcecode.swift; path = HomeViewModel.swift; sourceTree = "<group>"; };
		9E90109B2175F28B00BE9AD3 /* TrackCell.swift */ = {isa = PBXFileReference; fileEncoding = 4; lastKnownFileType = sourcecode.swift; path = TrackCell.swift; sourceTree = "<group>"; };
/* End PBXFileReference section */

/* Begin PBXFrameworksBuildPhase section */
		55D060202175935C0046A000 /* Frameworks */ = {
			isa = PBXFrameworksBuildPhase;
			buildActionMask = 2147483647;
			files = (
				55D060542176CAB40046A000 /* Changeset.framework in Frameworks */,
			);
			runOnlyForDeploymentPostprocessing = 0;
		};
/* End PBXFrameworksBuildPhase section */

/* Begin PBXGroup section */
		55D0601A2175935C0046A000 = {
			isa = PBXGroup;
			children = (
				55D060252175935C0046A000 /* ReactiveOnlineSearching */,
				55D060242175935C0046A000 /* Products */,
				55D06038217595A40046A000 /* Frameworks */,
			);
			sourceTree = "<group>";
		};
		55D060242175935C0046A000 /* Products */ = {
			isa = PBXGroup;
			children = (
				55D060232175935C0046A000 /* ReactiveOnlineSearching.app */,
			);
			name = Products;
			sourceTree = "<group>";
		};
		55D060252175935C0046A000 /* ReactiveOnlineSearching */ = {
			isa = PBXGroup;
			children = (
				55D325C321788BB800037B71 /* Model */,
				55D325C221788BA200037B71 /* ViewModel */,
				55D325C121788B9000037B71 /* View */,
				55D060262175935C0046A000 /* AppDelegate.swift */,
				55D0602A2175935C0046A000 /* Main.storyboard */,
				55D0602D2175935E0046A000 /* Assets.xcassets */,
				55D0602F2175935E0046A000 /* LaunchScreen.storyboard */,
				55D060322175935E0046A000 /* Info.plist */,
			);
			path = ReactiveOnlineSearching;
			sourceTree = "<group>";
		};
		55D06038217595A40046A000 /* Frameworks */ = {
			isa = PBXGroup;
			children = (
				55D060532176CAB40046A000 /* Changeset.framework */,
				55D0604221759D840046A000 /* ReactiveCocoa.framework */,
				55D0604321759D840046A000 /* ReactiveMapKit.framework */,
				55D0603A217595A40046A000 /* ReactiveSwift.framework */,
				55D06039217595A40046A000 /* Result.framework */,
			);
			name = Frameworks;
			sourceTree = "<group>";
		};
		55D325C121788B9000037B71 /* View */ = {
			isa = PBXGroup;
			children = (
				9E90109B2175F28B00BE9AD3 /* TrackCell.swift */,
				55D060282175935C0046A000 /* HomeViewController.swift */,
			);
			path = View;
			sourceTree = "<group>";
		};
		55D325C221788BA200037B71 /* ViewModel */ = {
			isa = PBXGroup;
			children = (
				9E9010972175E1A000BE9AD3 /* HomeViewModel.swift */,
			);
			path = ViewModel;
			sourceTree = "<group>";
		};
		55D325C321788BB800037B71 /* Model */ = {
			isa = PBXGroup;
			children = (
				9E9010952175E16600BE9AD3 /* Track.swift */,
			);
			path = Model;
			sourceTree = "<group>";
		};
/* End PBXGroup section */

/* Begin PBXNativeTarget section */
		55D060222175935C0046A000 /* ReactiveOnlineSearching */ = {
			isa = PBXNativeTarget;
			buildConfigurationList = 55D060352175935E0046A000 /* Build configuration list for PBXNativeTarget "ReactiveOnlineSearching" */;
			buildPhases = (
				55D0601F2175935C0046A000 /* Sources */,
				55D060202175935C0046A000 /* Frameworks */,
				55D060212175935C0046A000 /* Resources */,
				55D060572176D05F0046A000 /* ShellScript */,
			);
			buildRules = (
			);
			dependencies = (
			);
			name = ReactiveOnlineSearching;
			productName = ReactiveOnlineSearching;
			productReference = 55D060232175935C0046A000 /* ReactiveOnlineSearching.app */;
			productType = "com.apple.product-type.application";
		};
/* End PBXNativeTarget section */

/* Begin PBXProject section */
		55D0601B2175935C0046A000 /* Project object */ = {
			isa = PBXProject;
			attributes = {
				LastSwiftUpdateCheck = 1000;
				LastUpgradeCheck = 1000;
				ORGANIZATIONNAME = "Kohei Arai";
				TargetAttributes = {
					55D060222175935C0046A000 = {
						CreatedOnToolsVersion = 10.0;
					};
				};
			};
			buildConfigurationList = 55D0601E2175935C0046A000 /* Build configuration list for PBXProject "ReactiveOnlineSearching" */;
			compatibilityVersion = "Xcode 9.3";
			developmentRegion = en;
			hasScannedForEncodings = 0;
			knownRegions = (
				en,
				Base,
			);
			mainGroup = 55D0601A2175935C0046A000;
			productRefGroup = 55D060242175935C0046A000 /* Products */;
			projectDirPath = "";
			projectRoot = "";
			targets = (
				55D060222175935C0046A000 /* ReactiveOnlineSearching */,
			);
		};
/* End PBXProject section */

/* Begin PBXResourcesBuildPhase section */
		55D060212175935C0046A000 /* Resources */ = {
			isa = PBXResourcesBuildPhase;
			buildActionMask = 2147483647;
			files = (
				55D060312175935E0046A000 /* LaunchScreen.storyboard in Resources */,
				55D0602E2175935E0046A000 /* Assets.xcassets in Resources */,
				55D0602C2175935C0046A000 /* Main.storyboard in Resources */,
			);
			runOnlyForDeploymentPostprocessing = 0;
		};
/* End PBXResourcesBuildPhase section */

/* Begin PBXShellScriptBuildPhase section */
		55D060572176D05F0046A000 /* ShellScript */ = {
			isa = PBXShellScriptBuildPhase;
			buildActionMask = 2147483647;
			files = (
			);
			inputFileListPaths = (
			);
			inputPaths = (
				"$(SRCROOT)/Carthage/Build/iOS/ReactiveSwift.framework",
				"$(SRCROOT)/Carthage/Build/iOS/Changeset.framework",
				"$(SRCROOT)/Carthage/Build/iOS/Result.framework",
				"$(SRCROOT)/Carthage/Build/iOS/ReactiveMapKit.framework",
				"$(SRCROOT)/Carthage/Build/iOS/ReactiveCocoa.framework",
			);
			outputFileListPaths = (
			);
			outputPaths = (
			);
			runOnlyForDeploymentPostprocessing = 0;
			shellPath = /bin/sh;
			shellScript = "# Type a script or drag a script file from your workspace to insert its path.\n/usr/local/bin/carthage copy-frameworks\n\n";
		};
/* End PBXShellScriptBuildPhase section */

/* Begin PBXSourcesBuildPhase section */
		55D0601F2175935C0046A000 /* Sources */ = {
			isa = PBXSourcesBuildPhase;
			buildActionMask = 2147483647;
			files = (
				9E90109C2175F28B00BE9AD3 /* TrackCell.swift in Sources */,
				55D060292175935C0046A000 /* HomeViewController.swift in Sources */,
				55D060272175935C0046A000 /* AppDelegate.swift in Sources */,
				9E9010982175E1A000BE9AD3 /* HomeViewModel.swift in Sources */,
				9E9010962175E16600BE9AD3 /* Track.swift in Sources */,
			);
			runOnlyForDeploymentPostprocessing = 0;
		};
/* End PBXSourcesBuildPhase section */

/* Begin PBXVariantGroup section */
		55D0602A2175935C0046A000 /* Main.storyboard */ = {
			isa = PBXVariantGroup;
			children = (
				55D0602B2175935C0046A000 /* Base */,
			);
			name = Main.storyboard;
			sourceTree = "<group>";
		};
		55D0602F2175935E0046A000 /* LaunchScreen.storyboard */ = {
			isa = PBXVariantGroup;
			children = (
				55D060302175935E0046A000 /* Base */,
			);
			name = LaunchScreen.storyboard;
			sourceTree = "<group>";
		};
/* End PBXVariantGroup section */

/* Begin XCBuildConfiguration section */
		55D060332175935E0046A000 /* Debug */ = {
			isa = XCBuildConfiguration;
			buildSettings = {
				ALWAYS_SEARCH_USER_PATHS = NO;
				CLANG_ANALYZER_NONNULL = YES;
				CLANG_ANALYZER_NUMBER_OBJECT_CONVERSION = YES_AGGRESSIVE;
				CLANG_CXX_LANGUAGE_STANDARD = "gnu++14";
				CLANG_CXX_LIBRARY = "libc++";
				CLANG_ENABLE_MODULES = YES;
				CLANG_ENABLE_OBJC_ARC = YES;
				CLANG_ENABLE_OBJC_WEAK = YES;
				CLANG_WARN_BLOCK_CAPTURE_AUTORELEASING = YES;
				CLANG_WARN_BOOL_CONVERSION = YES;
				CLANG_WARN_COMMA = YES;
				CLANG_WARN_CONSTANT_CONVERSION = YES;
				CLANG_WARN_DEPRECATED_OBJC_IMPLEMENTATIONS = YES;
				CLANG_WARN_DIRECT_OBJC_ISA_USAGE = YES_ERROR;
				CLANG_WARN_DOCUMENTATION_COMMENTS = YES;
				CLANG_WARN_EMPTY_BODY = YES;
				CLANG_WARN_ENUM_CONVERSION = YES;
				CLANG_WARN_INFINITE_RECURSION = YES;
				CLANG_WARN_INT_CONVERSION = YES;
				CLANG_WARN_NON_LITERAL_NULL_CONVERSION = YES;
				CLANG_WARN_OBJC_IMPLICIT_RETAIN_SELF = YES;
				CLANG_WARN_OBJC_LITERAL_CONVERSION = YES;
				CLANG_WARN_OBJC_ROOT_CLASS = YES_ERROR;
				CLANG_WARN_RANGE_LOOP_ANALYSIS = YES;
				CLANG_WARN_STRICT_PROTOTYPES = YES;
				CLANG_WARN_SUSPICIOUS_MOVE = YES;
				CLANG_WARN_UNGUARDED_AVAILABILITY = YES_AGGRESSIVE;
				CLANG_WARN_UNREACHABLE_CODE = YES;
				CLANG_WARN__DUPLICATE_METHOD_MATCH = YES;
				CODE_SIGN_IDENTITY = "iPhone Developer";
				COPY_PHASE_STRIP = NO;
				DEBUG_INFORMATION_FORMAT = dwarf;
				ENABLE_STRICT_OBJC_MSGSEND = YES;
				ENABLE_TESTABILITY = YES;
				GCC_C_LANGUAGE_STANDARD = gnu11;
				GCC_DYNAMIC_NO_PIC = NO;
				GCC_NO_COMMON_BLOCKS = YES;
				GCC_OPTIMIZATION_LEVEL = 0;
				GCC_PREPROCESSOR_DEFINITIONS = (
					"DEBUG=1",
					"$(inherited)",
				);
				GCC_WARN_64_TO_32_BIT_CONVERSION = YES;
				GCC_WARN_ABOUT_RETURN_TYPE = YES_ERROR;
				GCC_WARN_UNDECLARED_SELECTOR = YES;
				GCC_WARN_UNINITIALIZED_AUTOS = YES_AGGRESSIVE;
				GCC_WARN_UNUSED_FUNCTION = YES;
				GCC_WARN_UNUSED_VARIABLE = YES;
				IPHONEOS_DEPLOYMENT_TARGET = 12.0;
				MTL_ENABLE_DEBUG_INFO = INCLUDE_SOURCE;
				MTL_FAST_MATH = YES;
				ONLY_ACTIVE_ARCH = YES;
				SDKROOT = iphoneos;
				SWIFT_ACTIVE_COMPILATION_CONDITIONS = DEBUG;
				SWIFT_OPTIMIZATION_LEVEL = "-Onone";
			};
			name = Debug;
		};
		55D060342175935E0046A000 /* Release */ = {
			isa = XCBuildConfiguration;
			buildSettings = {
				ALWAYS_SEARCH_USER_PATHS = NO;
				CLANG_ANALYZER_NONNULL = YES;
				CLANG_ANALYZER_NUMBER_OBJECT_CONVERSION = YES_AGGRESSIVE;
				CLANG_CXX_LANGUAGE_STANDARD = "gnu++14";
				CLANG_CXX_LIBRARY = "libc++";
				CLANG_ENABLE_MODULES = YES;
				CLANG_ENABLE_OBJC_ARC = YES;
				CLANG_ENABLE_OBJC_WEAK = YES;
				CLANG_WARN_BLOCK_CAPTURE_AUTORELEASING = YES;
				CLANG_WARN_BOOL_CONVERSION = YES;
				CLANG_WARN_COMMA = YES;
				CLANG_WARN_CONSTANT_CONVERSION = YES;
				CLANG_WARN_DEPRECATED_OBJC_IMPLEMENTATIONS = YES;
				CLANG_WARN_DIRECT_OBJC_ISA_USAGE = YES_ERROR;
				CLANG_WARN_DOCUMENTATION_COMMENTS = YES;
				CLANG_WARN_EMPTY_BODY = YES;
				CLANG_WARN_ENUM_CONVERSION = YES;
				CLANG_WARN_INFINITE_RECURSION = YES;
				CLANG_WARN_INT_CONVERSION = YES;
				CLANG_WARN_NON_LITERAL_NULL_CONVERSION = YES;
				CLANG_WARN_OBJC_IMPLICIT_RETAIN_SELF = YES;
				CLANG_WARN_OBJC_LITERAL_CONVERSION = YES;
				CLANG_WARN_OBJC_ROOT_CLASS = YES_ERROR;
				CLANG_WARN_RANGE_LOOP_ANALYSIS = YES;
				CLANG_WARN_STRICT_PROTOTYPES = YES;
				CLANG_WARN_SUSPICIOUS_MOVE = YES;
				CLANG_WARN_UNGUARDED_AVAILABILITY = YES_AGGRESSIVE;
				CLANG_WARN_UNREACHABLE_CODE = YES;
				CLANG_WARN__DUPLICATE_METHOD_MATCH = YES;
				CODE_SIGN_IDENTITY = "iPhone Developer";
				COPY_PHASE_STRIP = NO;
				DEBUG_INFORMATION_FORMAT = "dwarf-with-dsym";
				ENABLE_NS_ASSERTIONS = NO;
				ENABLE_STRICT_OBJC_MSGSEND = YES;
				GCC_C_LANGUAGE_STANDARD = gnu11;
				GCC_NO_COMMON_BLOCKS = YES;
				GCC_WARN_64_TO_32_BIT_CONVERSION = YES;
				GCC_WARN_ABOUT_RETURN_TYPE = YES_ERROR;
				GCC_WARN_UNDECLARED_SELECTOR = YES;
				GCC_WARN_UNINITIALIZED_AUTOS = YES_AGGRESSIVE;
				GCC_WARN_UNUSED_FUNCTION = YES;
				GCC_WARN_UNUSED_VARIABLE = YES;
				IPHONEOS_DEPLOYMENT_TARGET = 12.0;
				MTL_ENABLE_DEBUG_INFO = NO;
				MTL_FAST_MATH = YES;
				SDKROOT = iphoneos;
				SWIFT_COMPILATION_MODE = wholemodule;
				SWIFT_OPTIMIZATION_LEVEL = "-O";
				VALIDATE_PRODUCT = YES;
			};
			name = Release;
		};
		55D060362175935E0046A000 /* Debug */ = {
			isa = XCBuildConfiguration;
			buildSettings = {
				ASSETCATALOG_COMPILER_APPICON_NAME = AppIcon;
				CODE_SIGN_STYLE = Automatic;
				DEVELOPMENT_TEAM = V5597WVJA9;
				FRAMEWORK_SEARCH_PATHS = (
					"$(inherited)",
					"$(PROJECT_DIR)/Carthage/Build/iOS",
				);
				INFOPLIST_FILE = ReactiveOnlineSearching/Info.plist;
				LD_RUNPATH_SEARCH_PATHS = (
					"$(inherited)",
					"@executable_path/Frameworks",
				);
				PRODUCT_BUNDLE_IDENTIFIER = "com.test.icloud.a-la-mode1108.ReactiveOnlineSearching";
				PRODUCT_NAME = "$(TARGET_NAME)";
				SWIFT_VERSION = 4.2;
				TARGETED_DEVICE_FAMILY = "1,2";
			};
			name = Debug;
		};
		55D060372175935E0046A000 /* Release */ = {
			isa = XCBuildConfiguration;
			buildSettings = {
				ASSETCATALOG_COMPILER_APPICON_NAME = AppIcon;
				CODE_SIGN_STYLE = Automatic;
				DEVELOPMENT_TEAM = V5597WVJA9;
				FRAMEWORK_SEARCH_PATHS = (
					"$(inherited)",
					"$(PROJECT_DIR)/Carthage/Build/iOS",
				);
				INFOPLIST_FILE = ReactiveOnlineSearching/Info.plist;
				LD_RUNPATH_SEARCH_PATHS = (
					"$(inherited)",
					"@executable_path/Frameworks",
				);
				PRODUCT_BUNDLE_IDENTIFIER = "com.test.icloud.a-la-mode1108.ReactiveOnlineSearching";
				PRODUCT_NAME = "$(TARGET_NAME)";
				SWIFT_VERSION = 4.2;
				TARGETED_DEVICE_FAMILY = "1,2";
			};
			name = Release;
		};
/* End XCBuildConfiguration section */

/* Begin XCConfigurationList section */
		55D0601E2175935C0046A000 /* Build configuration list for PBXProject "ReactiveOnlineSearching" */ = {
			isa = XCConfigurationList;
			buildConfigurations = (
				55D060332175935E0046A000 /* Debug */,
				55D060342175935E0046A000 /* Release */,
			);
			defaultConfigurationIsVisible = 0;
			defaultConfigurationName = Release;
		};
		55D060352175935E0046A000 /* Build configuration list for PBXNativeTarget "ReactiveOnlineSearching" */ = {
			isa = XCConfigurationList;
			buildConfigurations = (
				55D060362175935E0046A000 /* Debug */,
				55D060372175935E0046A000 /* Release */,
			);
			defaultConfigurationIsVisible = 0;
			defaultConfigurationName = Release;
		};
/* End XCConfigurationList section */
	};
	rootObject = 55D0601B2175935C0046A000 /* Project object */;
}
